
Microsoft Visual Studio Solution File, Format Version 12.00
# Visual Studio Version 16
VisualStudioVersion = 16.0.33130.400
MinimumVisualStudioVersion = 10.0.40219.1
Project("{FAE04EC0-301F-11D3-BF4B-00C04F79EFBC}") = "Water Invoices Project", "Water Invoices Project\Water Invoices Project.csproj", "{250CF7A7-1182-44A9-9AAC-ED179264C50B}"
EndProject
Global
	GlobalSection(SolutionConfigurationPlatforms) = preSolution
		Debug|Any CPU = Debug|Any CPU
		Release|Any CPU = Release|Any CPU
	EndGlobalSection
	GlobalSection(ProjectConfigurationPlatforms) = postSolution
		{250CF7A7-1182-44A9-9AAC-ED179264C50B}.Debug|Any CPU.ActiveCfg = Debug|Any CPU
		{250CF7A7-1182-44A9-9AAC-ED179264C50B}.Debug|Any CPU.Build.0 = Debug|Any CPU
		{250CF7A7-1182-44A9-9AAC-ED179264C50B}.Release|Any CPU.ActiveCfg = Release|Any CPU
		{250CF7A7-1182-44A9-9AAC-ED179264C50B}.Release|Any CPU.Build.0 = Release|Any CPU
	EndGlobalSection
	GlobalSection(SolutionProperties) = preSolution
		HideSolutionNode = FALSE
	EndGlobalSection
	GlobalSection(ExtensibilityGlobals) = postSolution
		SolutionGuid = {8542BA3C-AD78-4C10-B80A-D2DDF3D22F08}
	EndGlobalSection
EndGlobal
